{
    "requires": true,
    "lockfileVersion": 1,
    "dependencies": {
        "de-indent": {
            "version": "1.0.2",
            "resolved": "https://registry.npmjs.org/de-indent/-/de-indent-1.0.2.tgz",
            "integrity": "sha1-sgOOhG3DO6pXlhKNCAS0VbjB4h0="
        },
        "desandro-matches-selector": {
            "version": "2.0.2",
            "resolved": "https://registry.npmjs.org/desandro-matches-selector/-/desandro-matches-selector-2.0.2.tgz",
            "integrity": "sha1-cXvu1NwT59jzdi9wem1YpndCGOE="
        },
        "ev-emitter": {
            "version": "1.1.1",
            "resolved": "https://registry.npmjs.org/ev-emitter/-/ev-emitter-1.1.1.tgz",
            "integrity": "sha512-ipiDYhdQSCZ4hSbX4rMW+XzNKMD1prg/sTvoVmSLkuQ1MVlwjJQQA+sW8tMYR3BLUr9KjodFV4pvzunvRhd33Q=="
        },
        "fizzy-ui-utils": {
            "version": "2.0.7",
            "resolved": "https://registry.npmjs.org/fizzy-ui-utils/-/fizzy-ui-utils-2.0.7.tgz",
            "integrity": "sha512-CZXDVXQ1If3/r8s0T+v+qVeMshhfcuq0rqIFgJnrtd+Bu8GmDmqMjntjUePypVtjHXKJ6V4sw9zeyox34n9aCg==",
            "requires": {
                "desandro-matches-selector": "^2.0.0"
            }
        },
        "flatpickr": {
            "version": "4.6.6",
            "resolved": "https://registry.npmjs.org/flatpickr/-/flatpickr-4.6.6.tgz",
            "integrity": "sha512-EZ48CJMttMg3maMhJoX+GvTuuEhX/RbA1YeuI19attP3pwBdbYy6+yqAEVm0o0hSBFYBiLbVxscLW6gJXq6H3A=="
        },
        "get-size": {
            "version": "2.0.3",
            "resolved": "https://registry.npmjs.org/get-size/-/get-size-2.0.3.tgz",
            "integrity": "sha512-lXNzT/h/dTjTxRbm9BXb+SGxxzkm97h/PCIKtlN/CBCxxmkkIVV21udumMS93MuVTDX583gqc94v3RjuHmI+2Q=="
        },
        "he": {
            "version": "1.2.0",
            "resolved": "https://registry.npmjs.org/he/-/he-1.2.0.tgz",
            "integrity": "sha512-F/1DnUGPopORZi0ni+CvrCgHQ5FyEAHRLSApuYWMmrbSwoN2Mn/7k+Gl38gJnR7yyDZk6WLXwiGod1JOWNDKGw=="
        },
        "imagesloaded": {
            "version": "4.1.4",
            "resolved": "https://registry.npmjs.org/imagesloaded/-/imagesloaded-4.1.4.tgz",
            "integrity": "sha512-ltiBVcYpc/TYTF5nolkMNsnREHW+ICvfQ3Yla2Sgr71YFwQ86bDwV9hgpFhFtrGPuwEx5+LqOHIrdXBdoWwwsA==",
            "requires": {
                "ev-emitter": "^1.0.0"
            }
        },
        "jquery": {
            "version": "3.5.1",
            "resolved": "https://registry.npmjs.org/jquery/-/jquery-3.5.1.tgz",
            "integrity": "sha512-XwIBPqcMn57FxfT+Go5pzySnm4KWkT1Tv7gjrpT1srtf8Weynl6R273VJ5GjkRb51IzMp5nbaPjJXMWeju2MKg=="
        },
        "masonry-layout": {
            "version": "4.2.2",
            "resolved": "https://registry.npmjs.org/masonry-layout/-/masonry-layout-4.2.2.tgz",
            "integrity": "sha512-iGtAlrpHNyxaR19CvKC3npnEcAwszXoyJiI8ARV2ePi7fmYhIud25MHK8Zx4P0LCC4d3TNO9+rFa1KoK1OEOaA==",
            "requires": {
                "get-size": "^2.0.2",
                "outlayer": "^2.1.0"
            }
        },
        "outlayer": {
            "version": "2.1.1",
            "resolved": "https://registry.npmjs.org/outlayer/-/outlayer-2.1.1.tgz",
            "integrity": "sha1-KYY7beEOpdrf/8rfoNcokHOH6aI=",
            "requires": {
                "ev-emitter": "^1.0.0",
                "fizzy-ui-utils": "^2.0.0",
                "get-size": "^2.0.2"
            }
        },
        "sortablejs": {
            "version": "1.10.2",
            "resolved": "https://registry.npmjs.org/sortablejs/-/sortablejs-1.10.2.tgz",
            "integrity": "sha512-YkPGufevysvfwn5rfdlGyrGjt7/CRHwvRPogD/lC+TnvcN29jDpCifKP+rBqf+LRldfXSTh+0CGLcSg0VIxq3A=="
        },
        "vue": {
            "version": "2.6.12",
            "resolved": "https://registry.npmjs.org/vue/-/vue-2.6.12.tgz",
            "integrity": "sha512-uhmLFETqPPNyuLLbsKz6ioJ4q7AZHzD8ZVFNATNyICSZouqP2Sz0rotWQC8UNBF6VGSCs5abnKJoStA6JbCbfg=="
        },
        "vue-flatpickr-component": {
            "version": "8.1.6",
            "resolved": "https://registry.npmjs.org/vue-flatpickr-component/-/vue-flatpickr-component-8.1.6.tgz",
            "integrity": "sha512-RUu/M/1lbuzQT+U3yP7O5/M2EIizr9vXLXqSc1eFOvCT3AHurQg8+iO02rjW+2l78Kit8pCNAUvHw7eexws6hw==",
            "requires": {
                "flatpickr": "^4.6.6"
            }
        },
        "vue-kompo": {
            "version": "1.0.20",
            "resolved": "https://registry.npmjs.org/vue-kompo/-/vue-kompo-1.0.20.tgz",
            "integrity": "sha512-oMJhdnocN6NwqACdm9Pm7YoTko0K29FP0PTq+uVKKT3NEy5SkAKdHsRkX8nBD9VNIlRlSCY5joAPPX8HjlRieQ==",
            "requires": {
                "jquery": "^3.5.1",
                "vue": "^2.5.7",
                "vue-flatpickr-component": "^8.1.5",
                "vue-masonry": "^0.11.7",
                "vue-template-compiler": "^2.6.10",
                "vuedraggable": "^2.16.0"
            }
        },
        "vue-masonry": {
            "version": "0.11.8",
            "resolved": "https://registry.npmjs.org/vue-masonry/-/vue-masonry-0.11.8.tgz",
            "integrity": "sha512-O+T+3zUghbKpjc+5aubXr8Kg1h9P334+Or9euYyXsQYa3mtScUqZFI6A16BijR9v4hYdtKksuPzU0mQplUvhDA==",
            "requires": {
                "imagesloaded": "4.1.4",
                "masonry-layout": "^4.2.2",
                "vue": "^2.0.0"
            }
        },
        "vue-template-compiler": {
            "version": "2.6.12",
            "resolved": "https://registry.npmjs.org/vue-template-compiler/-/vue-template-compiler-2.6.12.tgz",
            "integrity": "sha512-OzzZ52zS41YUbkCBfdXShQTe69j1gQDZ9HIX8miuC9C3rBCk9wIRjLiZZLrmX9V+Ftq/YEyv1JaVr5Y/hNtByg==",
            "requires": {
                "de-indent": "^1.0.2",
                "he": "^1.1.0"
            }
        },
        "vuedraggable": {
            "version": "2.24.1",
            "resolved": "https://registry.npmjs.org/vuedraggable/-/vuedraggable-2.24.1.tgz",
            "integrity": "sha512-G1fxO1oshx+WLdieSGl6jSJdlHOQFga1FpjuUpgXldbpKNzxpjsGn4xYNnRHVrOAqm8aG5FfpdQlh5LHesxCeA==",
            "requires": {
                "sortablejs": "^1.10.1"
            }
        }
    }
}
